
Microsoft Visual Studio Solution File, Format Version 12.00
# Visual Studio Version 17
VisualStudioVersion = 17.0.31903.59
MinimumVisualStudioVersion = 10.0.40219.1
Project("{2150E333-8FDC-42A3-9474-1A3956D46DE8}") = "src", "src", "{C4B2BAE0-925F-4187-9C05-4C6D0DF2B735}"
EndProject
Project("{2150E333-8FDC-42A3-9474-1A3956D46DE8}") = "framework", "framework", "{1AB25F97-DE60-4908-9FA2-4CB08FEEFC53}"
EndProject
Project("{2150E333-8FDC-42A3-9474-1A3956D46DE8}") = "Web", "Web", "{64478EBA-AE94-4CC8-B301-BE3E09245EE0}"
EndProject
Project("{2150E333-8FDC-42A3-9474-1A3956D46DE8}") = "Hangfire", "Hangfire", "{1A8C1D04-008B-4189-9E6F-3AD264E9E81F}"
EndProject
Project("{2150E333-8FDC-42A3-9474-1A3956D46DE8}") = "Sdk", "Sdk", "{23986FB9-27BB-4009-8289-7119DAC88BBD}"
EndProject
Project("{2150E333-8FDC-42A3-9474-1A3956D46DE8}") = "test", "test", "{2599E96C-3660-41C8-993A-DE70C37B0AF9}"
EndProject
Project("{9A19103F-16F7-4668-BE54-9A1E7A4F7556}") = "CleanUp.Application", "src\CleanUp.Application\CleanUp.Application.csproj", "{48AD9B47-5F05-4CB7-9081-33F415861528}"
EndProject
Project("{9A19103F-16F7-4668-BE54-9A1E7A4F7556}") = "CleanUp.WebApi", "src\Web\CleanUp.WebApi\CleanUp.WebApi.csproj", "{9364FEF2-71FE-4ADC-ABDB-CA5F6CA8EEA8}"
EndProject
Project("{9A19103F-16F7-4668-BE54-9A1E7A4F7556}") = "CleanUp.Application.WebApi", "src\CleanUp.Application.WebApi\CleanUp.Application.WebApi.csproj", "{96B2CC92-9334-4667-BD04-DE052504D767}"
EndProject
Project("{9A19103F-16F7-4668-BE54-9A1E7A4F7556}") = "CleanUp.Domain", "src\CleanUp.Domain\CleanUp.Domain.csproj", "{062AAE40-3E85-482E-975B-4EF7CD2FACC1}"
EndProject
Project("{9A19103F-16F7-4668-BE54-9A1E7A4F7556}") = "CleanUp.Infrastructure", "src\CleanUp.Infrastructure\CleanUp.Infrastructure.csproj", "{2898E638-FCBA-4A78-8CEE-800F79331DFB}"
EndProject
Project("{9A19103F-16F7-4668-BE54-9A1E7A4F7556}") = "CleanUp.WebApi.Sdk", "src\Sdk\Erbert.WebApi\CleanUp.WebApi.Sdk.csproj", "{51BD5B75-7A45-4BAB-B683-6108018F2685}"
EndProject
Project("{9A19103F-16F7-4668-BE54-9A1E7A4F7556}") = "CleanUp.Hangfire", "src\Hangfire\CleanUp.Hangfire\CleanUp.Hangfire.csproj", "{67BF1B60-F4A5-4A58-B9C8-C3796B0B2E2B}"
EndProject
Project("{9A19103F-16F7-4668-BE54-9A1E7A4F7556}") = "CleanUp.Hangfire.Data", "src\Hangfire\CleanUp.Hangfire.Data\CleanUp.Hangfire.Data.csproj", "{94268E8D-2C7B-4FB1-9939-6E51E5C86859}"
EndProject
Project("{9A19103F-16F7-4668-BE54-9A1E7A4F7556}") = "CleanUp.Client", "src\Web\CleanUp.Client\CleanUp.Client.csproj", "{0E498F2B-8615-48EB-9D6C-2634FAA2BEC7}"
EndProject
Project("{9A19103F-16F7-4668-BE54-9A1E7A4F7556}") = "CleanUp.Application.WebApi.IntegrationTests", "test\CleanUp.Application.WebApi.IntegrationTests\CleanUp.Application.WebApi.IntegrationTests.csproj", "{3A4E46EF-B068-466E-9B51-38D1582227A3}"
EndProject
Project("{9A19103F-16F7-4668-BE54-9A1E7A4F7556}") = "CleanUp.Infrastructure.UnitTests", "test\CleanUp.Infrastructure.Tests.Unit\CleanUp.Infrastructure.UnitTests.csproj", "{7C2F1289-05C4-4CEF-B426-B9B6C53D94D7}"
EndProject
Global
	GlobalSection(SolutionConfigurationPlatforms) = preSolution
		Debug|Any CPU = Debug|Any CPU
		Release|Any CPU = Release|Any CPU
	EndGlobalSection
	GlobalSection(ProjectConfigurationPlatforms) = postSolution
		{48AD9B47-5F05-4CB7-9081-33F415861528}.Debug|Any CPU.ActiveCfg = Debug|Any CPU
		{48AD9B47-5F05-4CB7-9081-33F415861528}.Debug|Any CPU.Build.0 = Debug|Any CPU
		{48AD9B47-5F05-4CB7-9081-33F415861528}.Release|Any CPU.ActiveCfg = Release|Any CPU
		{48AD9B47-5F05-4CB7-9081-33F415861528}.Release|Any CPU.Build.0 = Release|Any CPU
		{9364FEF2-71FE-4ADC-ABDB-CA5F6CA8EEA8}.Debug|Any CPU.ActiveCfg = Debug|Any CPU
		{9364FEF2-71FE-4ADC-ABDB-CA5F6CA8EEA8}.Debug|Any CPU.Build.0 = Debug|Any CPU
		{9364FEF2-71FE-4ADC-ABDB-CA5F6CA8EEA8}.Release|Any CPU.ActiveCfg = Release|Any CPU
		{9364FEF2-71FE-4ADC-ABDB-CA5F6CA8EEA8}.Release|Any CPU.Build.0 = Release|Any CPU
		{96B2CC92-9334-4667-BD04-DE052504D767}.Debug|Any CPU.ActiveCfg = Debug|Any CPU
		{96B2CC92-9334-4667-BD04-DE052504D767}.Debug|Any CPU.Build.0 = Debug|Any CPU
		{96B2CC92-9334-4667-BD04-DE052504D767}.Release|Any CPU.ActiveCfg = Release|Any CPU
		{96B2CC92-9334-4667-BD04-DE052504D767}.Release|Any CPU.Build.0 = Release|Any CPU
		{062AAE40-3E85-482E-975B-4EF7CD2FACC1}.Debug|Any CPU.ActiveCfg = Debug|Any CPU
		{062AAE40-3E85-482E-975B-4EF7CD2FACC1}.Debug|Any CPU.Build.0 = Debug|Any CPU
		{062AAE40-3E85-482E-975B-4EF7CD2FACC1}.Release|Any CPU.ActiveCfg = Release|Any CPU
		{062AAE40-3E85-482E-975B-4EF7CD2FACC1}.Release|Any CPU.Build.0 = Release|Any CPU
		{2898E638-FCBA-4A78-8CEE-800F79331DFB}.Debug|Any CPU.ActiveCfg = Debug|Any CPU
		{2898E638-FCBA-4A78-8CEE-800F79331DFB}.Debug|Any CPU.Build.0 = Debug|Any CPU
		{2898E638-FCBA-4A78-8CEE-800F79331DFB}.Release|Any CPU.ActiveCfg = Release|Any CPU
		{2898E638-FCBA-4A78-8CEE-800F79331DFB}.Release|Any CPU.Build.0 = Release|Any CPU
		{51BD5B75-7A45-4BAB-B683-6108018F2685}.Debug|Any CPU.ActiveCfg = Debug|Any CPU
		{51BD5B75-7A45-4BAB-B683-6108018F2685}.Debug|Any CPU.Build.0 = Debug|Any CPU
		{51BD5B75-7A45-4BAB-B683-6108018F2685}.Release|Any CPU.ActiveCfg = Release|Any CPU
		{51BD5B75-7A45-4BAB-B683-6108018F2685}.Release|Any CPU.Build.0 = Release|Any CPU
		{67BF1B60-F4A5-4A58-B9C8-C3796B0B2E2B}.Debug|Any CPU.ActiveCfg = Debug|Any CPU
		{67BF1B60-F4A5-4A58-B9C8-C3796B0B2E2B}.Debug|Any CPU.Build.0 = Debug|Any CPU
		{67BF1B60-F4A5-4A58-B9C8-C3796B0B2E2B}.Release|Any CPU.ActiveCfg = Release|Any CPU
		{67BF1B60-F4A5-4A58-B9C8-C3796B0B2E2B}.Release|Any CPU.Build.0 = Release|Any CPU
		{94268E8D-2C7B-4FB1-9939-6E51E5C86859}.Debug|Any CPU.ActiveCfg = Debug|Any CPU
		{94268E8D-2C7B-4FB1-9939-6E51E5C86859}.Debug|Any CPU.Build.0 = Debug|Any CPU
		{94268E8D-2C7B-4FB1-9939-6E51E5C86859}.Release|Any CPU.ActiveCfg = Release|Any CPU
		{94268E8D-2C7B-4FB1-9939-6E51E5C86859}.Release|Any CPU.Build.0 = Release|Any CPU
		{0E498F2B-8615-48EB-9D6C-2634FAA2BEC7}.Debug|Any CPU.ActiveCfg = Debug|Any CPU
		{0E498F2B-8615-48EB-9D6C-2634FAA2BEC7}.Debug|Any CPU.Build.0 = Debug|Any CPU
		{0E498F2B-8615-48EB-9D6C-2634FAA2BEC7}.Release|Any CPU.ActiveCfg = Release|Any CPU
		{0E498F2B-8615-48EB-9D6C-2634FAA2BEC7}.Release|Any CPU.Build.0 = Release|Any CPU
		{3A4E46EF-B068-466E-9B51-38D1582227A3}.Debug|Any CPU.ActiveCfg = Debug|Any CPU
		{3A4E46EF-B068-466E-9B51-38D1582227A3}.Debug|Any CPU.Build.0 = Debug|Any CPU
		{3A4E46EF-B068-466E-9B51-38D1582227A3}.Release|Any CPU.ActiveCfg = Release|Any CPU
		{3A4E46EF-B068-466E-9B51-38D1582227A3}.Release|Any CPU.Build.0 = Release|Any CPU
		{7C2F1289-05C4-4CEF-B426-B9B6C53D94D7}.Debug|Any CPU.ActiveCfg = Debug|Any CPU
		{7C2F1289-05C4-4CEF-B426-B9B6C53D94D7}.Debug|Any CPU.Build.0 = Debug|Any CPU
		{7C2F1289-05C4-4CEF-B426-B9B6C53D94D7}.Release|Any CPU.ActiveCfg = Release|Any CPU
		{7C2F1289-05C4-4CEF-B426-B9B6C53D94D7}.Release|Any CPU.Build.0 = Release|Any CPU
	EndGlobalSection
	GlobalSection(SolutionProperties) = preSolution
		HideSolutionNode = FALSE
	EndGlobalSection
	GlobalSection(NestedProjects) = preSolution
		{64478EBA-AE94-4CC8-B301-BE3E09245EE0} = {C4B2BAE0-925F-4187-9C05-4C6D0DF2B735}
		{1A8C1D04-008B-4189-9E6F-3AD264E9E81F} = {C4B2BAE0-925F-4187-9C05-4C6D0DF2B735}
		{23986FB9-27BB-4009-8289-7119DAC88BBD} = {C4B2BAE0-925F-4187-9C05-4C6D0DF2B735}
		{48AD9B47-5F05-4CB7-9081-33F415861528} = {C4B2BAE0-925F-4187-9C05-4C6D0DF2B735}
		{9364FEF2-71FE-4ADC-ABDB-CA5F6CA8EEA8} = {64478EBA-AE94-4CC8-B301-BE3E09245EE0}
		{96B2CC92-9334-4667-BD04-DE052504D767} = {C4B2BAE0-925F-4187-9C05-4C6D0DF2B735}
		{062AAE40-3E85-482E-975B-4EF7CD2FACC1} = {C4B2BAE0-925F-4187-9C05-4C6D0DF2B735}
		{2898E638-FCBA-4A78-8CEE-800F79331DFB} = {C4B2BAE0-925F-4187-9C05-4C6D0DF2B735}
		{51BD5B75-7A45-4BAB-B683-6108018F2685} = {23986FB9-27BB-4009-8289-7119DAC88BBD}
		{67BF1B60-F4A5-4A58-B9C8-C3796B0B2E2B} = {1A8C1D04-008B-4189-9E6F-3AD264E9E81F}
		{94268E8D-2C7B-4FB1-9939-6E51E5C86859} = {1A8C1D04-008B-4189-9E6F-3AD264E9E81F}
		{0E498F2B-8615-48EB-9D6C-2634FAA2BEC7} = {64478EBA-AE94-4CC8-B301-BE3E09245EE0}
		{3A4E46EF-B068-466E-9B51-38D1582227A3} = {2599E96C-3660-41C8-993A-DE70C37B0AF9}
		{7C2F1289-05C4-4CEF-B426-B9B6C53D94D7} = {2599E96C-3660-41C8-993A-DE70C37B0AF9}
	EndGlobalSection
	GlobalSection(ExtensibilityGlobals) = postSolution
		SolutionGuid = {77FA22C5-D6DE-4DC1-81F3-41257D52C618}
	EndGlobalSection
EndGlobal
